
Microsoft Visual Studio Solution File, Format Version 12.00
# Visual Studio 15
VisualStudioVersion = 15.0.27703.2018
MinimumVisualStudioVersion = 10.0.40219.1
Project("{FAE04EC0-301F-11D3-BF4B-00C04F79EFBC}") = "SimplifiedChineseSwitch", "SimplifiedChineseSwitch\SimplifiedChineseSwitch.csproj", "{A6094A9B-06F3-4B7B-8B3D-769D6DBD0E88}"
EndProject
Global
	GlobalSection(SolutionConfigurationPlatforms) = preSolution
		Debug|Any CPU = Debug|Any CPU
		Release|Any CPU = Release|Any CPU
	EndGlobalSection
	GlobalSection(ProjectConfigurationPlatforms) = postSolution
		{A6094A9B-06F3-4B7B-8B3D-769D6DBD0E88}.Debug|Any CPU.ActiveCfg = Debug|Any CPU
		{A6094A9B-06F3-4B7B-8B3D-769D6DBD0E88}.Debug|Any CPU.Build.0 = Debug|Any CPU
		{A6094A9B-06F3-4B7B-8B3D-769D6DBD0E88}.Release|Any CPU.ActiveCfg = Release|Any CPU
		{A6094A9B-06F3-4B7B-8B3D-769D6DBD0E88}.Release|Any CPU.Build.0 = Release|Any CPU
	EndGlobalSection
	GlobalSection(SolutionProperties) = preSolution
		HideSolutionNode = FALSE
	EndGlobalSection
	GlobalSection(ExtensibilityGlobals) = postSolution
		SolutionGuid = {9F4A7B43-7E3E-4664-874F-B7D515AA83F0}
	EndGlobalSection
EndGlobal
